
Microsoft Visual Studio Solution File, Format Version 12.00
# Visual Studio Version 17
VisualStudioVersion = 17.6.33717.318
MinimumVisualStudioVersion = 10.0.40219.1
Project("{2150E333-8FDC-42A3-9474-1A3956D46DE8}") = "Elementos de la solución", "Elementos de la solución", "{3AD1B807-AC8A-49C8-B5B1-4EFA2BFE14AF}"
	ProjectSection(SolutionItems) = preProject
		.editorconfig = .editorconfig
		.gitattributes = .gitattributes
		.gitignore = .gitignore
		LICENSE = LICENSE
		README.md = README.md
	EndProjectSection
EndProject
Project("{2150E333-8FDC-42A3-9474-1A3956D46DE8}") = "Application", "Application", "{523FA50D-C01C-4F10-A1E0-DD21F9D3A7B0}"
EndProject
Project("{FAE04EC0-301F-11D3-BF4B-00C04F79EFBC}") = "ManageTasks.API", "ManageTasks.API\ManageTasks.API.csproj", "{7036BA2D-C796-4B01-A668-1BFCDD865C9F}"
EndProject
Global
	GlobalSection(SolutionConfigurationPlatforms) = preSolution
		Debug|Any CPU = Debug|Any CPU
		Release|Any CPU = Release|Any CPU
	EndGlobalSection
	GlobalSection(ProjectConfigurationPlatforms) = postSolution
		{7036BA2D-C796-4B01-A668-1BFCDD865C9F}.Debug|Any CPU.ActiveCfg = Debug|Any CPU
		{7036BA2D-C796-4B01-A668-1BFCDD865C9F}.Debug|Any CPU.Build.0 = Debug|Any CPU
		{7036BA2D-C796-4B01-A668-1BFCDD865C9F}.Release|Any CPU.ActiveCfg = Release|Any CPU
		{7036BA2D-C796-4B01-A668-1BFCDD865C9F}.Release|Any CPU.Build.0 = Release|Any CPU
	EndGlobalSection
	GlobalSection(SolutionProperties) = preSolution
		HideSolutionNode = FALSE
	EndGlobalSection
	GlobalSection(NestedProjects) = preSolution
		{7036BA2D-C796-4B01-A668-1BFCDD865C9F} = {523FA50D-C01C-4F10-A1E0-DD21F9D3A7B0}
	EndGlobalSection
	GlobalSection(ExtensibilityGlobals) = postSolution
		SolutionGuid = {744BEF31-D616-456F-8809-E51B44A71EC0}
	EndGlobalSection
EndGlobal
